
Microsoft Visual Studio Solution File, Format Version 12.00
# Visual Studio 14
VisualStudioVersion = 14.0.25420.1
MinimumVisualStudioVersion = 10.0.40219.1
Project("{FAE04EC0-301F-11D3-BF4B-00C04F79EFBC}") = "CoPro.Android", "CoPro\CoPro.Android\CoPro.Android.csproj", "{21F3FCC9-1AFA-4AEC-A50F-8489035F030B}"
EndProject
Project("{FAE04EC0-301F-11D3-BF4B-00C04F79EFBC}") = "CoPro", "CoPro\CoPro\CoPro.csproj", "{72450D0A-3366-4129-8E2E-5B2BC22917C9}"
EndProject
Project("{FAE04EC0-301F-11D3-BF4B-00C04F79EFBC}") = "CoPro.UWP", "CoPro\CoPro.UWP\CoPro.UWP.csproj", "{8A4694E4-53BF-4061-9F3B-436972597E63}"
EndProject
Project("{FAE04EC0-301F-11D3-BF4B-00C04F79EFBC}") = "CoPro.iOS", "CoPro\CoPro.iOS\CoPro.iOS.csproj", "{20CA7653-46B9-4F2D-A6BE-D71FE3BCDFB1}"
EndProject
Global
	GlobalSection(SolutionConfigurationPlatforms) = preSolution
		Ad-Hoc|Any CPU = Ad-Hoc|Any CPU
		Ad-Hoc|ARM = Ad-Hoc|ARM
		Ad-Hoc|iPhone = Ad-Hoc|iPhone
		Ad-Hoc|iPhoneSimulator = Ad-Hoc|iPhoneSimulator
		Ad-Hoc|x64 = Ad-Hoc|x64
		Ad-Hoc|x86 = Ad-Hoc|x86
		AppStore|Any CPU = AppStore|Any CPU
		AppStore|ARM = AppStore|ARM
		AppStore|iPhone = AppStore|iPhone
		AppStore|iPhoneSimulator = AppStore|iPhoneSimulator
		AppStore|x64 = AppStore|x64
		AppStore|x86 = AppStore|x86
		Debug|Any CPU = Debug|Any CPU
		Debug|ARM = Debug|ARM
		Debug|iPhone = Debug|iPhone
		Debug|iPhoneSimulator = Debug|iPhoneSimulator
		Debug|x64 = Debug|x64
		Debug|x86 = Debug|x86
		Release|Any CPU = Release|Any CPU
		Release|ARM = Release|ARM
		Release|iPhone = Release|iPhone
		Release|iPhoneSimulator = Release|iPhoneSimulator
		Release|x64 = Release|x64
		Release|x86 = Release|x86
	EndGlobalSection
	GlobalSection(ProjectConfigurationPlatforms) = postSolution
		{21F3FCC9-1AFA-4AEC-A50F-8489035F030B}.Ad-Hoc|Any CPU.ActiveCfg = Release|Any CPU
		{21F3FCC9-1AFA-4AEC-A50F-8489035F030B}.Ad-Hoc|Any CPU.Build.0 = Release|Any CPU
		{21F3FCC9-1AFA-4AEC-A50F-8489035F030B}.Ad-Hoc|Any CPU.Deploy.0 = Release|Any CPU
		{21F3FCC9-1AFA-4AEC-A50F-8489035F030B}.Ad-Hoc|ARM.ActiveCfg = Release|Any CPU
		{21F3FCC9-1AFA-4AEC-A50F-8489035F030B}.Ad-Hoc|ARM.Build.0 = Release|Any CPU
		{21F3FCC9-1AFA-4AEC-A50F-8489035F030B}.Ad-Hoc|ARM.Deploy.0 = Release|Any CPU
		{21F3FCC9-1AFA-4AEC-A50F-8489035F030B}.Ad-Hoc|iPhone.ActiveCfg = Release|Any CPU
		{21F3FCC9-1AFA-4AEC-A50F-8489035F030B}.Ad-Hoc|iPhone.Build.0 = Release|Any CPU
		{21F3FCC9-1AFA-4AEC-A50F-8489035F030B}.Ad-Hoc|iPhone.Deploy.0 = Release|Any CPU
		{21F3FCC9-1AFA-4AEC-A50F-8489035F030B}.Ad-Hoc|iPhoneSimulator.ActiveCfg = Release|Any CPU
		{21F3FCC9-1AFA-4AEC-A50F-8489035F030B}.Ad-Hoc|iPhoneSimulator.Build.0 = Release|Any CPU
		{21F3FCC9-1AFA-4AEC-A50F-8489035F030B}.Ad-Hoc|iPhoneSimulator.Deploy.0 = Release|Any CPU
		{21F3FCC9-1AFA-4AEC-A50F-8489035F030B}.Ad-Hoc|x64.ActiveCfg = Release|Any CPU
		{21F3FCC9-1AFA-4AEC-A50F-8489035F030B}.Ad-Hoc|x64.Build.0 = Release|Any CPU
		{21F3FCC9-1AFA-4AEC-A50F-8489035F030B}.Ad-Hoc|x64.Deploy.0 = Release|Any CPU
		{21F3FCC9-1AFA-4AEC-A50F-8489035F030B}.Ad-Hoc|x86.ActiveCfg = Release|Any CPU
		{21F3FCC9-1AFA-4AEC-A50F-8489035F030B}.Ad-Hoc|x86.Build.0 = Release|Any CPU
		{21F3FCC9-1AFA-4AEC-A50F-8489035F030B}.Ad-Hoc|x86.Deploy.0 = Release|Any CPU
		{21F3FCC9-1AFA-4AEC-A50F-8489035F030B}.AppStore|Any CPU.ActiveCfg = Release|Any CPU
		{21F3FCC9-1AFA-4AEC-A50F-8489035F030B}.AppStore|Any CPU.Build.0 = Release|Any CPU
		{21F3FCC9-1AFA-4AEC-A50F-8489035F030B}.AppStore|Any CPU.Deploy.0 = Release|Any CPU
		{21F3FCC9-1AFA-4AEC-A50F-8489035F030B}.AppStore|ARM.ActiveCfg = Release|Any CPU
		{21F3FCC9-1AFA-4AEC-A50F-8489035F030B}.AppStore|ARM.Build.0 = Release|Any CPU
		{21F3FCC9-1AFA-4AEC-A50F-8489035F030B}.AppStore|ARM.Deploy.0 = Release|Any CPU
		{21F3FCC9-1AFA-4AEC-A50F-8489035F030B}.AppStore|iPhone.ActiveCfg = Release|Any CPU
		{21F3FCC9-1AFA-4AEC-A50F-8489035F030B}.AppStore|iPhone.Build.0 = Release|Any CPU
		{21F3FCC9-1AFA-4AEC-A50F-8489035F030B}.AppStore|iPhone.Deploy.0 = Release|Any CPU
		{21F3FCC9-1AFA-4AEC-A50F-8489035F030B}.AppStore|iPhoneSimulator.ActiveCfg = Release|Any CPU
		{21F3FCC9-1AFA-4AEC-A50F-8489035F030B}.AppStore|iPhoneSimulator.Build.0 = Release|Any CPU
		{21F3FCC9-1AFA-4AEC-A50F-8489035F030B}.AppStore|iPhoneSimulator.Deploy.0 = Release|Any CPU
		{21F3FCC9-1AFA-4AEC-A50F-8489035F030B}.AppStore|x64.ActiveCfg = Release|Any CPU
		{21F3FCC9-1AFA-4AEC-A50F-8489035F030B}.AppStore|x64.Build.0 = Release|Any CPU
		{21F3FCC9-1AFA-4AEC-A50F-8489035F030B}.AppStore|x64.Deploy.0 = Release|Any CPU
		{21F3FCC9-1AFA-4AEC-A50F-8489035F030B}.AppStore|x86.ActiveCfg = Release|Any CPU
		{21F3FCC9-1AFA-4AEC-A50F-8489035F030B}.AppStore|x86.Build.0 = Release|Any CPU
		{21F3FCC9-1AFA-4AEC-A50F-8489035F030B}.AppStore|x86.Deploy.0 = Release|Any CPU
		{21F3FCC9-1AFA-4AEC-A50F-8489035F030B}.Debug|Any CPU.ActiveCfg = Debug|Any CPU
		{21F3FCC9-1AFA-4AEC-A50F-8489035F030B}.Debug|Any CPU.Build.0 = Debug|Any CPU
		{21F3FCC9-1AFA-4AEC-A50F-8489035F030B}.Debug|Any CPU.Deploy.0 = Debug|Any CPU
		{21F3FCC9-1AFA-4AEC-A50F-8489035F030B}.Debug|ARM.ActiveCfg = Debug|Any CPU
		{21F3FCC9-1AFA-4AEC-A50F-8489035F030B}.Debug|ARM.Build.0 = Debug|Any CPU
		{21F3FCC9-1AFA-4AEC-A50F-8489035F030B}.Debug|ARM.Deploy.0 = Debug|Any CPU
		{21F3FCC9-1AFA-4AEC-A50F-8489035F030B}.Debug|iPhone.ActiveCfg = Debug|Any CPU
		{21F3FCC9-1AFA-4AEC-A50F-8489035F030B}.Debug|iPhone.Build.0 = Debug|Any CPU
		{21F3FCC9-1AFA-4AEC-A50F-8489035F030B}.Debug|iPhone.Deploy.0 = Debug|Any CPU
		{21F3FCC9-1AFA-4AEC-A50F-8489035F030B}.Debug|iPhoneSimulator.ActiveCfg = Debug|Any CPU
		{21F3FCC9-1AFA-4AEC-A50F-8489035F030B}.Debug|iPhoneSimulator.Build.0 = Debug|Any CPU
		{21F3FCC9-1AFA-4AEC-A50F-8489035F030B}.Debug|iPhoneSimulator.Deploy.0 = Debug|Any CPU
		{21F3FCC9-1AFA-4AEC-A50F-8489035F030B}.Debug|x64.ActiveCfg = Debug|Any CPU
		{21F3FCC9-1AFA-4AEC-A50F-8489035F030B}.Debug|x64.Build.0 = Debug|Any CPU
		{21F3FCC9-1AFA-4AEC-A50F-8489035F030B}.Debug|x64.Deploy.0 = Debug|Any CPU
		{21F3FCC9-1AFA-4AEC-A50F-8489035F030B}.Debug|x86.ActiveCfg = Debug|Any CPU
		{21F3FCC9-1AFA-4AEC-A50F-8489035F030B}.Debug|x86.Build.0 = Debug|Any CPU
		{21F3FCC9-1AFA-4AEC-A50F-8489035F030B}.Debug|x86.Deploy.0 = Debug|Any CPU
		{21F3FCC9-1AFA-4AEC-A50F-8489035F030B}.Release|Any CPU.ActiveCfg = Release|Any CPU
		{21F3FCC9-1AFA-4AEC-A50F-8489035F030B}.Release|Any CPU.Build.0 = Release|Any CPU
		{21F3FCC9-1AFA-4AEC-A50F-8489035F030B}.Release|Any CPU.Deploy.0 = Release|Any CPU
		{21F3FCC9-1AFA-4AEC-A50F-8489035F030B}.Release|ARM.ActiveCfg = Release|Any CPU
		{21F3FCC9-1AFA-4AEC-A50F-8489035F030B}.Release|ARM.Build.0 = Release|Any CPU
		{21F3FCC9-1AFA-4AEC-A50F-8489035F030B}.Release|ARM.Deploy.0 = Release|Any CPU
		{21F3FCC9-1AFA-4AEC-A50F-8489035F030B}.Release|iPhone.ActiveCfg = Release|Any CPU
		{21F3FCC9-1AFA-4AEC-A50F-8489035F030B}.Release|iPhone.Build.0 = Release|Any CPU
		{21F3FCC9-1AFA-4AEC-A50F-8489035F030B}.Release|iPhone.Deploy.0 = Release|Any CPU
		{21F3FCC9-1AFA-4AEC-A50F-8489035F030B}.Release|iPhoneSimulator.ActiveCfg = Release|Any CPU
		{21F3FCC9-1AFA-4AEC-A50F-8489035F030B}.Release|iPhoneSimulator.Build.0 = Release|Any CPU
		{21F3FCC9-1AFA-4AEC-A50F-8489035F030B}.Release|iPhoneSimulator.Deploy.0 = Release|Any CPU
		{21F3FCC9-1AFA-4AEC-A50F-8489035F030B}.Release|x64.ActiveCfg = Release|Any CPU
		{21F3FCC9-1AFA-4AEC-A50F-8489035F030B}.Release|x64.Build.0 = Release|Any CPU
		{21F3FCC9-1AFA-4AEC-A50F-8489035F030B}.Release|x64.Deploy.0 = Release|Any CPU
		{21F3FCC9-1AFA-4AEC-A50F-8489035F030B}.Release|x86.ActiveCfg = Release|Any CPU
		{21F3FCC9-1AFA-4AEC-A50F-8489035F030B}.Release|x86.Build.0 = Release|Any CPU
		{21F3FCC9-1AFA-4AEC-A50F-8489035F030B}.Release|x86.Deploy.0 = Release|Any CPU
		{72450D0A-3366-4129-8E2E-5B2BC22917C9}.Ad-Hoc|Any CPU.ActiveCfg = Release|Any CPU
		{72450D0A-3366-4129-8E2E-5B2BC22917C9}.Ad-Hoc|Any CPU.Build.0 = Release|Any CPU
		{72450D0A-3366-4129-8E2E-5B2BC22917C9}.Ad-Hoc|Any CPU.Deploy.0 = Release|Any CPU
		{72450D0A-3366-4129-8E2E-5B2BC22917C9}.Ad-Hoc|ARM.ActiveCfg = Release|Any CPU
		{72450D0A-3366-4129-8E2E-5B2BC22917C9}.Ad-Hoc|ARM.Build.0 = Release|Any CPU
		{72450D0A-3366-4129-8E2E-5B2BC22917C9}.Ad-Hoc|ARM.Deploy.0 = Release|Any CPU
		{72450D0A-3366-4129-8E2E-5B2BC22917C9}.Ad-Hoc|iPhone.ActiveCfg = Release|Any CPU
		{72450D0A-3366-4129-8E2E-5B2BC22917C9}.Ad-Hoc|iPhone.Build.0 = Release|Any CPU
		{72450D0A-3366-4129-8E2E-5B2BC22917C9}.Ad-Hoc|iPhone.Deploy.0 = Release|Any CPU
		{72450D0A-3366-4129-8E2E-5B2BC22917C9}.Ad-Hoc|iPhoneSimulator.ActiveCfg = Release|Any CPU
		{72450D0A-3366-4129-8E2E-5B2BC22917C9}.Ad-Hoc|iPhoneSimulator.Build.0 = Release|Any CPU
		{72450D0A-3366-4129-8E2E-5B2BC22917C9}.Ad-Hoc|iPhoneSimulator.Deploy.0 = Release|Any CPU
		{72450D0A-3366-4129-8E2E-5B2BC22917C9}.Ad-Hoc|x64.ActiveCfg = Release|Any CPU
		{72450D0A-3366-4129-8E2E-5B2BC22917C9}.Ad-Hoc|x64.Build.0 = Release|Any CPU
		{72450D0A-3366-4129-8E2E-5B2BC22917C9}.Ad-Hoc|x64.Deploy.0 = Release|Any CPU
		{72450D0A-3366-4129-8E2E-5B2BC22917C9}.Ad-Hoc|x86.ActiveCfg = Release|Any CPU
		{72450D0A-3366-4129-8E2E-5B2BC22917C9}.Ad-Hoc|x86.Build.0 = Release|Any CPU
		{72450D0A-3366-4129-8E2E-5B2BC22917C9}.Ad-Hoc|x86.Deploy.0 = Release|Any CPU
		{72450D0A-3366-4129-8E2E-5B2BC22917C9}.AppStore|Any CPU.ActiveCfg = Release|Any CPU
		{72450D0A-3366-4129-8E2E-5B2BC22917C9}.AppStore|Any CPU.Build.0 = Release|Any CPU
		{72450D0A-3366-4129-8E2E-5B2BC22917C9}.AppStore|Any CPU.Deploy.0 = Release|Any CPU
		{72450D0A-3366-4129-8E2E-5B2BC22917C9}.AppStore|ARM.ActiveCfg = Release|Any CPU
		{72450D0A-3366-4129-8E2E-5B2BC22917C9}.AppStore|ARM.Build.0 = Release|Any CPU
		{72450D0A-3366-4129-8E2E-5B2BC22917C9}.AppStore|ARM.Deploy.0 = Release|Any CPU
		{72450D0A-3366-4129-8E2E-5B2BC22917C9}.AppStore|iPhone.ActiveCfg = Release|Any CPU
		{72450D0A-3366-4129-8E2E-5B2BC22917C9}.AppStore|iPhone.Build.0 = Release|Any CPU
		{72450D0A-3366-4129-8E2E-5B2BC22917C9}.AppStore|iPhone.Deploy.0 = Release|Any CPU
		{72450D0A-3366-4129-8E2E-5B2BC22917C9}.AppStore|iPhoneSimulator.ActiveCfg = Release|Any CPU
		{72450D0A-3366-4129-8E2E-5B2BC22917C9}.AppStore|iPhoneSimulator.Build.0 = Release|Any CPU
		{72450D0A-3366-4129-8E2E-5B2BC22917C9}.AppStore|iPhoneSimulator.Deploy.0 = Release|Any CPU
		{72450D0A-3366-4129-8E2E-5B2BC22917C9}.AppStore|x64.ActiveCfg = Release|Any CPU
		{72450D0A-3366-4129-8E2E-5B2BC22917C9}.AppStore|x64.Build.0 = Release|Any CPU
		{72450D0A-3366-4129-8E2E-5B2BC22917C9}.AppStore|x64.Deploy.0 = Release|Any CPU
		{72450D0A-3366-4129-8E2E-5B2BC22917C9}.AppStore|x86.ActiveCfg = Release|Any CPU
		{72450D0A-3366-4129-8E2E-5B2BC22917C9}.AppStore|x86.Build.0 = Release|Any CPU
		{72450D0A-3366-4129-8E2E-5B2BC22917C9}.AppStore|x86.Deploy.0 = Release|Any CPU
		{72450D0A-3366-4129-8E2E-5B2BC22917C9}.Debug|Any CPU.ActiveCfg = Debug|Any CPU
		{72450D0A-3366-4129-8E2E-5B2BC22917C9}.Debug|Any CPU.Build.0 = Debug|Any CPU
		{72450D0A-3366-4129-8E2E-5B2BC22917C9}.Debug|Any CPU.Deploy.0 = Debug|Any CPU
		{72450D0A-3366-4129-8E2E-5B2BC22917C9}.Debug|ARM.ActiveCfg = Debug|Any CPU
		{72450D0A-3366-4129-8E2E-5B2BC22917C9}.Debug|ARM.Build.0 = Debug|Any CPU
		{72450D0A-3366-4129-8E2E-5B2BC22917C9}.Debug|ARM.Deploy.0 = Debug|Any CPU
		{72450D0A-3366-4129-8E2E-5B2BC22917C9}.Debug|iPhone.ActiveCfg = Debug|Any CPU
		{72450D0A-3366-4129-8E2E-5B2BC22917C9}.Debug|iPhone.Build.0 = Debug|Any CPU
		{72450D0A-3366-4129-8E2E-5B2BC22917C9}.Debug|iPhone.Deploy.0 = Debug|Any CPU
		{72450D0A-3366-4129-8E2E-5B2BC22917C9}.Debug|iPhoneSimulator.ActiveCfg = Debug|Any CPU
		{72450D0A-3366-4129-8E2E-5B2BC22917C9}.Debug|iPhoneSimulator.Build.0 = Debug|Any CPU
		{72450D0A-3366-4129-8E2E-5B2BC22917C9}.Debug|iPhoneSimulator.Deploy.0 = Debug|Any CPU
		{72450D0A-3366-4129-8E2E-5B2BC22917C9}.Debug|x64.ActiveCfg = Debug|Any CPU
		{72450D0A-3366-4129-8E2E-5B2BC22917C9}.Debug|x64.Build.0 = Debug|Any CPU
		{72450D0A-3366-4129-8E2E-5B2BC22917C9}.Debug|x64.Deploy.0 = Debug|Any CPU
		{72450D0A-3366-4129-8E2E-5B2BC22917C9}.Debug|x86.ActiveCfg = Debug|Any CPU
		{72450D0A-3366-4129-8E2E-5B2BC22917C9}.Debug|x86.Build.0 = Debug|Any CPU
		{72450D0A-3366-4129-8E2E-5B2BC22917C9}.Debug|x86.Deploy.0 = Debug|Any CPU
		{72450D0A-3366-4129-8E2E-5B2BC22917C9}.Release|Any CPU.ActiveCfg = Release|Any CPU
		{72450D0A-3366-4129-8E2E-5B2BC22917C9}.Release|Any CPU.Build.0 = Release|Any CPU
		{72450D0A-3366-4129-8E2E-5B2BC22917C9}.Release|Any CPU.Deploy.0 = Release|Any CPU
		{72450D0A-3366-4129-8E2E-5B2BC22917C9}.Release|ARM.ActiveCfg = Release|Any CPU
		{72450D0A-3366-4129-8E2E-5B2BC22917C9}.Release|ARM.Build.0 = Release|Any CPU
		{72450D0A-3366-4129-8E2E-5B2BC22917C9}.Release|ARM.Deploy.0 = Release|Any CPU
		{72450D0A-3366-4129-8E2E-5B2BC22917C9}.Release|iPhone.ActiveCfg = Release|Any CPU
		{72450D0A-3366-4129-8E2E-5B2BC22917C9}.Release|iPhone.Build.0 = Release|Any CPU
		{72450D0A-3366-4129-8E2E-5B2BC22917C9}.Release|iPhone.Deploy.0 = Release|Any CPU
		{72450D0A-3366-4129-8E2E-5B2BC22917C9}.Release|iPhoneSimulator.ActiveCfg = Release|Any CPU
		{72450D0A-3366-4129-8E2E-5B2BC22917C9}.Release|iPhoneSimulator.Build.0 = Release|Any CPU
		{72450D0A-3366-4129-8E2E-5B2BC22917C9}.Release|iPhoneSimulator.Deploy.0 = Release|Any CPU
		{72450D0A-3366-4129-8E2E-5B2BC22917C9}.Release|x64.ActiveCfg = Release|Any CPU
		{72450D0A-3366-4129-8E2E-5B2BC22917C9}.Release|x64.Build.0 = Release|Any CPU
		{72450D0A-3366-4129-8E2E-5B2BC22917C9}.Release|x64.Deploy.0 = Release|Any CPU
		{72450D0A-3366-4129-8E2E-5B2BC22917C9}.Release|x86.ActiveCfg = Release|Any CPU
		{72450D0A-3366-4129-8E2E-5B2BC22917C9}.Release|x86.Build.0 = Release|Any CPU
		{72450D0A-3366-4129-8E2E-5B2BC22917C9}.Release|x86.Deploy.0 = Release|Any CPU
		{8A4694E4-53BF-4061-9F3B-436972597E63}.Ad-Hoc|Any CPU.ActiveCfg = Release|x86
		{8A4694E4-53BF-4061-9F3B-436972597E63}.Ad-Hoc|Any CPU.Build.0 = Release|x86
		{8A4694E4-53BF-4061-9F3B-436972597E63}.Ad-Hoc|Any CPU.Deploy.0 = Release|x86
		{8A4694E4-53BF-4061-9F3B-436972597E63}.Ad-Hoc|ARM.ActiveCfg = Release|ARM
		{8A4694E4-53BF-4061-9F3B-436972597E63}.Ad-Hoc|ARM.Build.0 = Release|ARM
		{8A4694E4-53BF-4061-9F3B-436972597E63}.Ad-Hoc|ARM.Deploy.0 = Release|ARM
		{8A4694E4-53BF-4061-9F3B-436972597E63}.Ad-Hoc|iPhone.ActiveCfg = Release|x86
		{8A4694E4-53BF-4061-9F3B-436972597E63}.Ad-Hoc|iPhone.Build.0 = Release|x86
		{8A4694E4-53BF-4061-9F3B-436972597E63}.Ad-Hoc|iPhone.Deploy.0 = Release|x86
		{8A4694E4-53BF-4061-9F3B-436972597E63}.Ad-Hoc|iPhoneSimulator.ActiveCfg = Release|x86
		{8A4694E4-53BF-4061-9F3B-436972597E63}.Ad-Hoc|iPhoneSimulator.Build.0 = Release|x86
		{8A4694E4-53BF-4061-9F3B-436972597E63}.Ad-Hoc|iPhoneSimulator.Deploy.0 = Release|x86
		{8A4694E4-53BF-4061-9F3B-436972597E63}.Ad-Hoc|x64.ActiveCfg = Release|x64
		{8A4694E4-53BF-4061-9F3B-436972597E63}.Ad-Hoc|x64.Build.0 = Release|x64
		{8A4694E4-53BF-4061-9F3B-436972597E63}.Ad-Hoc|x64.Deploy.0 = Release|x64
		{8A4694E4-53BF-4061-9F3B-436972597E63}.Ad-Hoc|x86.ActiveCfg = Release|x86
		{8A4694E4-53BF-4061-9F3B-436972597E63}.Ad-Hoc|x86.Build.0 = Release|x86
		{8A4694E4-53BF-4061-9F3B-436972597E63}.Ad-Hoc|x86.Deploy.0 = Release|x86
		{8A4694E4-53BF-4061-9F3B-436972597E63}.AppStore|Any CPU.ActiveCfg = Release|x86
		{8A4694E4-53BF-4061-9F3B-436972597E63}.AppStore|Any CPU.Build.0 = Release|x86
		{8A4694E4-53BF-4061-9F3B-436972597E63}.AppStore|Any CPU.Deploy.0 = Release|x86
		{8A4694E4-53BF-4061-9F3B-436972597E63}.AppStore|ARM.ActiveCfg = Release|ARM
		{8A4694E4-53BF-4061-9F3B-436972597E63}.AppStore|ARM.Build.0 = Release|ARM
		{8A4694E4-53BF-4061-9F3B-436972597E63}.AppStore|ARM.Deploy.0 = Release|ARM
		{8A4694E4-53BF-4061-9F3B-436972597E63}.AppStore|iPhone.ActiveCfg = Release|x86
		{8A4694E4-53BF-4061-9F3B-436972597E63}.AppStore|iPhone.Build.0 = Release|x86
		{8A4694E4-53BF-4061-9F3B-436972597E63}.AppStore|iPhone.Deploy.0 = Release|x86
		{8A4694E4-53BF-4061-9F3B-436972597E63}.AppStore|iPhoneSimulator.ActiveCfg = Release|x86
		{8A4694E4-53BF-4061-9F3B-436972597E63}.AppStore|iPhoneSimulator.Build.0 = Release|x86
		{8A4694E4-53BF-4061-9F3B-436972597E63}.AppStore|iPhoneSimulator.Deploy.0 = Release|x86
		{8A4694E4-53BF-4061-9F3B-436972597E63}.AppStore|x64.ActiveCfg = Release|x64
		{8A4694E4-53BF-4061-9F3B-436972597E63}.AppStore|x64.Build.0 = Release|x64
		{8A4694E4-53BF-4061-9F3B-436972597E63}.AppStore|x64.Deploy.0 = Release|x64
		{8A4694E4-53BF-4061-9F3B-436972597E63}.AppStore|x86.ActiveCfg = Release|x86
		{8A4694E4-53BF-4061-9F3B-436972597E63}.AppStore|x86.Build.0 = Release|x86
		{8A4694E4-53BF-4061-9F3B-436972597E63}.AppStore|x86.Deploy.0 = Release|x86
		{8A4694E4-53BF-4061-9F3B-436972597E63}.Debug|Any CPU.ActiveCfg = Debug|x86
		{8A4694E4-53BF-4061-9F3B-436972597E63}.Debug|Any CPU.Build.0 = Debug|x86
		{8A4694E4-53BF-4061-9F3B-436972597E63}.Debug|Any CPU.Deploy.0 = Debug|x86
		{8A4694E4-53BF-4061-9F3B-436972597E63}.Debug|ARM.ActiveCfg = Debug|ARM
		{8A4694E4-53BF-4061-9F3B-436972597E63}.Debug|ARM.Build.0 = Debug|ARM
		{8A4694E4-53BF-4061-9F3B-436972597E63}.Debug|ARM.Deploy.0 = Debug|ARM
		{8A4694E4-53BF-4061-9F3B-436972597E63}.Debug|iPhone.ActiveCfg = Debug|x86
		{8A4694E4-53BF-4061-9F3B-436972597E63}.Debug|iPhone.Build.0 = Debug|x86
		{8A4694E4-53BF-4061-9F3B-436972597E63}.Debug|iPhone.Deploy.0 = Debug|x86
		{8A4694E4-53BF-4061-9F3B-436972597E63}.Debug|iPhoneSimulator.ActiveCfg = Debug|x86
		{8A4694E4-53BF-4061-9F3B-436972597E63}.Debug|iPhoneSimulator.Build.0 = Debug|x86
		{8A4694E4-53BF-4061-9F3B-436972597E63}.Debug|iPhoneSimulator.Deploy.0 = Debug|x86
		{8A4694E4-53BF-4061-9F3B-436972597E63}.Debug|x64.ActiveCfg = Debug|x64
		{8A4694E4-53BF-4061-9F3B-436972597E63}.Debug|x64.Build.0 = Debug|x64
		{8A4694E4-53BF-4061-9F3B-436972597E63}.Debug|x64.Deploy.0 = Debug|x64
		{8A4694E4-53BF-4061-9F3B-436972597E63}.Debug|x86.ActiveCfg = Debug|x86
		{8A4694E4-53BF-4061-9F3B-436972597E63}.Debug|x86.Build.0 = Debug|x86
		{8A4694E4-53BF-4061-9F3B-436972597E63}.Debug|x86.Deploy.0 = Debug|x86
		{8A4694E4-53BF-4061-9F3B-436972597E63}.Release|Any CPU.ActiveCfg = Release|x86
		{8A4694E4-53BF-4061-9F3B-436972597E63}.Release|Any CPU.Build.0 = Release|x86
		{8A4694E4-53BF-4061-9F3B-436972597E63}.Release|Any CPU.Deploy.0 = Release|x86
		{8A4694E4-53BF-4061-9F3B-436972597E63}.Release|ARM.ActiveCfg = Release|ARM
		{8A4694E4-53BF-4061-9F3B-436972597E63}.Release|ARM.Build.0 = Release|ARM
		{8A4694E4-53BF-4061-9F3B-436972597E63}.Release|ARM.Deploy.0 = Release|ARM
		{8A4694E4-53BF-4061-9F3B-436972597E63}.Release|iPhone.ActiveCfg = Release|x86
		{8A4694E4-53BF-4061-9F3B-436972597E63}.Release|iPhone.Build.0 = Release|x86
		{8A4694E4-53BF-4061-9F3B-436972597E63}.Release|iPhone.Deploy.0 = Release|x86
		{8A4694E4-53BF-4061-9F3B-436972597E63}.Release|iPhoneSimulator.ActiveCfg = Release|x86
		{8A4694E4-53BF-4061-9F3B-436972597E63}.Release|iPhoneSimulator.Build.0 = Release|x86
		{8A4694E4-53BF-4061-9F3B-436972597E63}.Release|iPhoneSimulator.Deploy.0 = Release|x86
		{8A4694E4-53BF-4061-9F3B-436972597E63}.Release|x64.ActiveCfg = Release|x64
		{8A4694E4-53BF-4061-9F3B-436972597E63}.Release|x64.Build.0 = Release|x64
		{8A4694E4-53BF-4061-9F3B-436972597E63}.Release|x64.Deploy.0 = Release|x64
		{8A4694E4-53BF-4061-9F3B-436972597E63}.Release|x86.ActiveCfg = Release|x86
		{8A4694E4-53BF-4061-9F3B-436972597E63}.Release|x86.Build.0 = Release|x86
		{8A4694E4-53BF-4061-9F3B-436972597E63}.Release|x86.Deploy.0 = Release|x86
		{20CA7653-46B9-4F2D-A6BE-D71FE3BCDFB1}.Ad-Hoc|Any CPU.ActiveCfg = Ad-Hoc|iPhone
		{20CA7653-46B9-4F2D-A6BE-D71FE3BCDFB1}.Ad-Hoc|Any CPU.Build.0 = Ad-Hoc|iPhone
		{20CA7653-46B9-4F2D-A6BE-D71FE3BCDFB1}.Ad-Hoc|Any CPU.Deploy.0 = Ad-Hoc|iPhone
		{20CA7653-46B9-4F2D-A6BE-D71FE3BCDFB1}.Ad-Hoc|ARM.ActiveCfg = Ad-Hoc|iPhone
		{20CA7653-46B9-4F2D-A6BE-D71FE3BCDFB1}.Ad-Hoc|ARM.Build.0 = Ad-Hoc|iPhone
		{20CA7653-46B9-4F2D-A6BE-D71FE3BCDFB1}.Ad-Hoc|ARM.Deploy.0 = Ad-Hoc|iPhone
		{20CA7653-46B9-4F2D-A6BE-D71FE3BCDFB1}.Ad-Hoc|iPhone.ActiveCfg = Ad-Hoc|iPhone
		{20CA7653-46B9-4F2D-A6BE-D71FE3BCDFB1}.Ad-Hoc|iPhone.Build.0 = Ad-Hoc|iPhone
		{20CA7653-46B9-4F2D-A6BE-D71FE3BCDFB1}.Ad-Hoc|iPhone.Deploy.0 = Ad-Hoc|iPhone
		{20CA7653-46B9-4F2D-A6BE-D71FE3BCDFB1}.Ad-Hoc|iPhoneSimulator.ActiveCfg = Ad-Hoc|iPhoneSimulator
		{20CA7653-46B9-4F2D-A6BE-D71FE3BCDFB1}.Ad-Hoc|iPhoneSimulator.Build.0 = Ad-Hoc|iPhoneSimulator
		{20CA7653-46B9-4F2D-A6BE-D71FE3BCDFB1}.Ad-Hoc|iPhoneSimulator.Deploy.0 = Ad-Hoc|iPhoneSimulator
		{20CA7653-46B9-4F2D-A6BE-D71FE3BCDFB1}.Ad-Hoc|x64.ActiveCfg = Ad-Hoc|iPhone
		{20CA7653-46B9-4F2D-A6BE-D71FE3BCDFB1}.Ad-Hoc|x64.Build.0 = Ad-Hoc|iPhone
		{20CA7653-46B9-4F2D-A6BE-D71FE3BCDFB1}.Ad-Hoc|x64.Deploy.0 = Ad-Hoc|iPhone
		{20CA7653-46B9-4F2D-A6BE-D71FE3BCDFB1}.Ad-Hoc|x86.ActiveCfg = Ad-Hoc|iPhone
		{20CA7653-46B9-4F2D-A6BE-D71FE3BCDFB1}.Ad-Hoc|x86.Build.0 = Ad-Hoc|iPhone
		{20CA7653-46B9-4F2D-A6BE-D71FE3BCDFB1}.Ad-Hoc|x86.Deploy.0 = Ad-Hoc|iPhone
		{20CA7653-46B9-4F2D-A6BE-D71FE3BCDFB1}.AppStore|Any CPU.ActiveCfg = AppStore|iPhone
		{20CA7653-46B9-4F2D-A6BE-D71FE3BCDFB1}.AppStore|Any CPU.Build.0 = AppStore|iPhone
		{20CA7653-46B9-4F2D-A6BE-D71FE3BCDFB1}.AppStore|Any CPU.Deploy.0 = AppStore|iPhone
		{20CA7653-46B9-4F2D-A6BE-D71FE3BCDFB1}.AppStore|ARM.ActiveCfg = AppStore|iPhone
		{20CA7653-46B9-4F2D-A6BE-D71FE3BCDFB1}.AppStore|ARM.Build.0 = AppStore|iPhone
		{20CA7653-46B9-4F2D-A6BE-D71FE3BCDFB1}.AppStore|ARM.Deploy.0 = AppStore|iPhone
		{20CA7653-46B9-4F2D-A6BE-D71FE3BCDFB1}.AppStore|iPhone.ActiveCfg = AppStore|iPhone
		{20CA7653-46B9-4F2D-A6BE-D71FE3BCDFB1}.AppStore|iPhone.Build.0 = AppStore|iPhone
		{20CA7653-46B9-4F2D-A6BE-D71FE3BCDFB1}.AppStore|iPhone.Deploy.0 = AppStore|iPhone
		{20CA7653-46B9-4F2D-A6BE-D71FE3BCDFB1}.AppStore|iPhoneSimulator.ActiveCfg = AppStore|iPhoneSimulator
		{20CA7653-46B9-4F2D-A6BE-D71FE3BCDFB1}.AppStore|iPhoneSimulator.Build.0 = AppStore|iPhoneSimulator
		{20CA7653-46B9-4F2D-A6BE-D71FE3BCDFB1}.AppStore|iPhoneSimulator.Deploy.0 = AppStore|iPhoneSimulator
		{20CA7653-46B9-4F2D-A6BE-D71FE3BCDFB1}.AppStore|x64.ActiveCfg = AppStore|iPhone
		{20CA7653-46B9-4F2D-A6BE-D71FE3BCDFB1}.AppStore|x64.Build.0 = AppStore|iPhone
		{20CA7653-46B9-4F2D-A6BE-D71FE3BCDFB1}.AppStore|x64.Deploy.0 = AppStore|iPhone
		{20CA7653-46B9-4F2D-A6BE-D71FE3BCDFB1}.AppStore|x86.ActiveCfg = AppStore|iPhone
		{20CA7653-46B9-4F2D-A6BE-D71FE3BCDFB1}.AppStore|x86.Build.0 = AppStore|iPhone
		{20CA7653-46B9-4F2D-A6BE-D71FE3BCDFB1}.AppStore|x86.Deploy.0 = AppStore|iPhone
		{20CA7653-46B9-4F2D-A6BE-D71FE3BCDFB1}.Debug|Any CPU.ActiveCfg = Debug|iPhoneSimulator
		{20CA7653-46B9-4F2D-A6BE-D71FE3BCDFB1}.Debug|Any CPU.Build.0 = Debug|iPhoneSimulator
		{20CA7653-46B9-4F2D-A6BE-D71FE3BCDFB1}.Debug|Any CPU.Deploy.0 = Debug|iPhoneSimulator
		{20CA7653-46B9-4F2D-A6BE-D71FE3BCDFB1}.Debug|ARM.ActiveCfg = Debug|iPhone
		{20CA7653-46B9-4F2D-A6BE-D71FE3BCDFB1}.Debug|ARM.Build.0 = Debug|iPhone
		{20CA7653-46B9-4F2D-A6BE-D71FE3BCDFB1}.Debug|ARM.Deploy.0 = Debug|iPhone
		{20CA7653-46B9-4F2D-A6BE-D71FE3BCDFB1}.Debug|iPhone.ActiveCfg = Debug|iPhone
		{20CA7653-46B9-4F2D-A6BE-D71FE3BCDFB1}.Debug|iPhone.Build.0 = Debug|iPhone
		{20CA7653-46B9-4F2D-A6BE-D71FE3BCDFB1}.Debug|iPhone.Deploy.0 = Debug|iPhone
		{20CA7653-46B9-4F2D-A6BE-D71FE3BCDFB1}.Debug|iPhoneSimulator.ActiveCfg = Debug|iPhoneSimulator
		{20CA7653-46B9-4F2D-A6BE-D71FE3BCDFB1}.Debug|iPhoneSimulator.Build.0 = Debug|iPhoneSimulator
		{20CA7653-46B9-4F2D-A6BE-D71FE3BCDFB1}.Debug|iPhoneSimulator.Deploy.0 = Debug|iPhoneSimulator
		{20CA7653-46B9-4F2D-A6BE-D71FE3BCDFB1}.Debug|x64.ActiveCfg = Debug|iPhone
		{20CA7653-46B9-4F2D-A6BE-D71FE3BCDFB1}.Debug|x64.Build.0 = Debug|iPhone
		{20CA7653-46B9-4F2D-A6BE-D71FE3BCDFB1}.Debug|x64.Deploy.0 = Debug|iPhone
		{20CA7653-46B9-4F2D-A6BE-D71FE3BCDFB1}.Debug|x86.ActiveCfg = Debug|iPhone
		{20CA7653-46B9-4F2D-A6BE-D71FE3BCDFB1}.Debug|x86.Build.0 = Debug|iPhone
		{20CA7653-46B9-4F2D-A6BE-D71FE3BCDFB1}.Debug|x86.Deploy.0 = Debug|iPhone
		{20CA7653-46B9-4F2D-A6BE-D71FE3BCDFB1}.Release|Any CPU.ActiveCfg = Release|iPhone
		{20CA7653-46B9-4F2D-A6BE-D71FE3BCDFB1}.Release|Any CPU.Build.0 = Release|iPhone
		{20CA7653-46B9-4F2D-A6BE-D71FE3BCDFB1}.Release|Any CPU.Deploy.0 = Release|iPhone
		{20CA7653-46B9-4F2D-A6BE-D71FE3BCDFB1}.Release|ARM.ActiveCfg = Release|iPhone
		{20CA7653-46B9-4F2D-A6BE-D71FE3BCDFB1}.Release|ARM.Build.0 = Release|iPhone
		{20CA7653-46B9-4F2D-A6BE-D71FE3BCDFB1}.Release|ARM.Deploy.0 = Release|iPhone
		{20CA7653-46B9-4F2D-A6BE-D71FE3BCDFB1}.Release|iPhone.ActiveCfg = Release|iPhone
		{20CA7653-46B9-4F2D-A6BE-D71FE3BCDFB1}.Release|iPhone.Build.0 = Release|iPhone
		{20CA7653-46B9-4F2D-A6BE-D71FE3BCDFB1}.Release|iPhone.Deploy.0 = Release|iPhone
		{20CA7653-46B9-4F2D-A6BE-D71FE3BCDFB1}.Release|iPhoneSimulator.ActiveCfg = Release|iPhoneSimulator
		{20CA7653-46B9-4F2D-A6BE-D71FE3BCDFB1}.Release|iPhoneSimulator.Build.0 = Release|iPhoneSimulator
		{20CA7653-46B9-4F2D-A6BE-D71FE3BCDFB1}.Release|iPhoneSimulator.Deploy.0 = Release|iPhoneSimulator
		{20CA7653-46B9-4F2D-A6BE-D71FE3BCDFB1}.Release|x64.ActiveCfg = Release|iPhone
		{20CA7653-46B9-4F2D-A6BE-D71FE3BCDFB1}.Release|x64.Build.0 = Release|iPhone
		{20CA7653-46B9-4F2D-A6BE-D71FE3BCDFB1}.Release|x64.Deploy.0 = Release|iPhone
		{20CA7653-46B9-4F2D-A6BE-D71FE3BCDFB1}.Release|x86.ActiveCfg = Release|iPhone
		{20CA7653-46B9-4F2D-A6BE-D71FE3BCDFB1}.Release|x86.Build.0 = Release|iPhone
		{20CA7653-46B9-4F2D-A6BE-D71FE3BCDFB1}.Release|x86.Deploy.0 = Release|iPhone
	EndGlobalSection
	GlobalSection(SolutionProperties) = preSolution
		HideSolutionNode = FALSE
	EndGlobalSection
EndGlobal
